
Microsoft Visual Studio Solution File, Format Version 12.00
# Visual Studio Version 16
VisualStudioVersion = 16.0.30523.141
MinimumVisualStudioVersion = 10.0.40219.1
Project("{FAE04EC0-301F-11D3-BF4B-00C04F79EFBC}") = "ListAssignment", "ListAssignment\ListAssignment.csproj", "{B6DB39DC-CAC5-4983-8D4C-9827F0A4EE3E}"
EndProject
Global
	GlobalSection(SolutionConfigurationPlatforms) = preSolution
		Debug|Any CPU = Debug|Any CPU
		Release|Any CPU = Release|Any CPU
	EndGlobalSection
	GlobalSection(ProjectConfigurationPlatforms) = postSolution
		{B6DB39DC-CAC5-4983-8D4C-9827F0A4EE3E}.Debug|Any CPU.ActiveCfg = Debug|Any CPU
		{B6DB39DC-CAC5-4983-8D4C-9827F0A4EE3E}.Debug|Any CPU.Build.0 = Debug|Any CPU
		{B6DB39DC-CAC5-4983-8D4C-9827F0A4EE3E}.Release|Any CPU.ActiveCfg = Release|Any CPU
		{B6DB39DC-CAC5-4983-8D4C-9827F0A4EE3E}.Release|Any CPU.Build.0 = Release|Any CPU
	EndGlobalSection
	GlobalSection(SolutionProperties) = preSolution
		HideSolutionNode = FALSE
	EndGlobalSection
	GlobalSection(ExtensibilityGlobals) = postSolution
		SolutionGuid = {78383983-8447-45AB-AECA-660C290E2081}
	EndGlobalSection
EndGlobal
